
Microsoft Visual Studio Solution File, Format Version 12.00
# Visual Studio Version 17
VisualStudioVersion = 17.14.36408.4 d17.14
MinimumVisualStudioVersion = 10.0.40219.1
Project("{FAE04EC0-301F-11D3-BF4B-00C04F79EFBC}") = "Nhom10_QuanLyBanVeXemPhim", "Nhom10_QuanLyBanVeXemPhim\Nhom10_QuanLyBanVeXemPhim.csproj", "{D90CD258-CEE5-4134-83BF-E119C3EAD7E4}"
EndProject
Global
	GlobalSection(SolutionConfigurationPlatforms) = preSolution
		Debug|Any CPU = Debug|Any CPU
		Release|Any CPU = Release|Any CPU
	EndGlobalSection
	GlobalSection(ProjectConfigurationPlatforms) = postSolution
		{D90CD258-CEE5-4134-83BF-E119C3EAD7E4}.Debug|Any CPU.ActiveCfg = Debug|Any CPU
		{D90CD258-CEE5-4134-83BF-E119C3EAD7E4}.Debug|Any CPU.Build.0 = Debug|Any CPU
		{D90CD258-CEE5-4134-83BF-E119C3EAD7E4}.Release|Any CPU.ActiveCfg = Release|Any CPU
		{D90CD258-CEE5-4134-83BF-E119C3EAD7E4}.Release|Any CPU.Build.0 = Release|Any CPU
	EndGlobalSection
	GlobalSection(SolutionProperties) = preSolution
		HideSolutionNode = FALSE
	EndGlobalSection
	GlobalSection(ExtensibilityGlobals) = postSolution
		SolutionGuid = {4FDBF0F8-6586-4428-A709-D8A1B4A1DB00}
	EndGlobalSection
EndGlobal
